
Microsoft Visual Studio Solution File, Format Version 12.00
# Visual Studio 15
VisualStudioVersion = 15.0.28307.902
MinimumVisualStudioVersion = 10.0.40219.1
Project("{FAE04EC0-301F-11D3-BF4B-00C04F79EFBC}") = "API", "API\API.csproj", "{230976CF-9A72-476A-917D-40A1C02A34AF}"
EndProject
Project("{FAE04EC0-301F-11D3-BF4B-00C04F79EFBC}") = "BL", "BL\BL.csproj", "{F632576D-2A92-45E0-B8D5-F5DEE7D4FBC1}"
EndProject
Project("{FAE04EC0-301F-11D3-BF4B-00C04F79EFBC}") = "DAL", "DAL\DAL.csproj", "{2B2FDDE9-5EB8-4D8D-80D4-53A9AE73D1C3}"
EndProject
Global
	GlobalSection(SolutionConfigurationPlatforms) = preSolution
		Debug|Any CPU = Debug|Any CPU
		Release|Any CPU = Release|Any CPU
	EndGlobalSection
	GlobalSection(ProjectConfigurationPlatforms) = postSolution
		{230976CF-9A72-476A-917D-40A1C02A34AF}.Debug|Any CPU.ActiveCfg = Debug|Any CPU
		{230976CF-9A72-476A-917D-40A1C02A34AF}.Debug|Any CPU.Build.0 = Debug|Any CPU
		{230976CF-9A72-476A-917D-40A1C02A34AF}.Release|Any CPU.ActiveCfg = Release|Any CPU
		{230976CF-9A72-476A-917D-40A1C02A34AF}.Release|Any CPU.Build.0 = Release|Any CPU
		{F632576D-2A92-45E0-B8D5-F5DEE7D4FBC1}.Debug|Any CPU.ActiveCfg = Debug|Any CPU
		{F632576D-2A92-45E0-B8D5-F5DEE7D4FBC1}.Debug|Any CPU.Build.0 = Debug|Any CPU
		{F632576D-2A92-45E0-B8D5-F5DEE7D4FBC1}.Release|Any CPU.ActiveCfg = Release|Any CPU
		{F632576D-2A92-45E0-B8D5-F5DEE7D4FBC1}.Release|Any CPU.Build.0 = Release|Any CPU
		{2B2FDDE9-5EB8-4D8D-80D4-53A9AE73D1C3}.Debug|Any CPU.ActiveCfg = Debug|Any CPU
		{2B2FDDE9-5EB8-4D8D-80D4-53A9AE73D1C3}.Debug|Any CPU.Build.0 = Debug|Any CPU
		{2B2FDDE9-5EB8-4D8D-80D4-53A9AE73D1C3}.Release|Any CPU.ActiveCfg = Release|Any CPU
		{2B2FDDE9-5EB8-4D8D-80D4-53A9AE73D1C3}.Release|Any CPU.Build.0 = Release|Any CPU
	EndGlobalSection
	GlobalSection(SolutionProperties) = preSolution
		HideSolutionNode = FALSE
	EndGlobalSection
	GlobalSection(ExtensibilityGlobals) = postSolution
		SolutionGuid = {6DBF0188-387B-46E1-85BA-60BA10D25D01}
	EndGlobalSection
EndGlobal
