
Microsoft Visual Studio Solution File, Format Version 12.00
# Visual Studio 15
VisualStudioVersion = 15.0.28307.902
MinimumVisualStudioVersion = 10.0.40219.1
Project("{FAE04EC0-301F-11D3-BF4B-00C04F79EFBC}") = "DAL", "ClassLibrary1\DAL.csproj", "{45571519-479A-45B4-BB84-03068AC716BD}"
EndProject
Project("{FAE04EC0-301F-11D3-BF4B-00C04F79EFBC}") = "BL", "BL\BL.csproj", "{2C7FFD98-1E9E-4937-9DA3-048B8CA82FA8}"
EndProject
Project("{FAE04EC0-301F-11D3-BF4B-00C04F79EFBC}") = "API", "API\API.csproj", "{5EAD7537-C47F-4242-AB52-4B0B52F344BF}"
EndProject
Project("{FAE04EC0-301F-11D3-BF4B-00C04F79EFBC}") = "trial", "trial\trial.csproj", "{D6BAF5F2-9566-4C89-BCEF-B6BAEC66C048}"
EndProject
Global
	GlobalSection(SolutionConfigurationPlatforms) = preSolution
		Debug|Any CPU = Debug|Any CPU
		Release|Any CPU = Release|Any CPU
	EndGlobalSection
	GlobalSection(ProjectConfigurationPlatforms) = postSolution
		{45571519-479A-45B4-BB84-03068AC716BD}.Debug|Any CPU.ActiveCfg = Debug|Any CPU
		{45571519-479A-45B4-BB84-03068AC716BD}.Debug|Any CPU.Build.0 = Debug|Any CPU
		{45571519-479A-45B4-BB84-03068AC716BD}.Release|Any CPU.ActiveCfg = Release|Any CPU
		{45571519-479A-45B4-BB84-03068AC716BD}.Release|Any CPU.Build.0 = Release|Any CPU
		{2C7FFD98-1E9E-4937-9DA3-048B8CA82FA8}.Debug|Any CPU.ActiveCfg = Debug|Any CPU
		{2C7FFD98-1E9E-4937-9DA3-048B8CA82FA8}.Debug|Any CPU.Build.0 = Debug|Any CPU
		{2C7FFD98-1E9E-4937-9DA3-048B8CA82FA8}.Release|Any CPU.ActiveCfg = Release|Any CPU
		{2C7FFD98-1E9E-4937-9DA3-048B8CA82FA8}.Release|Any CPU.Build.0 = Release|Any CPU
		{5EAD7537-C47F-4242-AB52-4B0B52F344BF}.Debug|Any CPU.ActiveCfg = Debug|Any CPU
		{5EAD7537-C47F-4242-AB52-4B0B52F344BF}.Debug|Any CPU.Build.0 = Debug|Any CPU
		{5EAD7537-C47F-4242-AB52-4B0B52F344BF}.Release|Any CPU.ActiveCfg = Release|Any CPU
		{5EAD7537-C47F-4242-AB52-4B0B52F344BF}.Release|Any CPU.Build.0 = Release|Any CPU
		{D6BAF5F2-9566-4C89-BCEF-B6BAEC66C048}.Debug|Any CPU.ActiveCfg = Debug|Any CPU
		{D6BAF5F2-9566-4C89-BCEF-B6BAEC66C048}.Debug|Any CPU.Build.0 = Debug|Any CPU
		{D6BAF5F2-9566-4C89-BCEF-B6BAEC66C048}.Release|Any CPU.ActiveCfg = Release|Any CPU
		{D6BAF5F2-9566-4C89-BCEF-B6BAEC66C048}.Release|Any CPU.Build.0 = Release|Any CPU
	EndGlobalSection
	GlobalSection(SolutionProperties) = preSolution
		HideSolutionNode = FALSE
	EndGlobalSection
	GlobalSection(ExtensibilityGlobals) = postSolution
		SolutionGuid = {ED841585-21C1-4653-96AB-49644313E082}
	EndGlobalSection
EndGlobal
