
Microsoft Visual Studio Solution File, Format Version 12.00
# Visual Studio 15
VisualStudioVersion = 15.0.28307.902
MinimumVisualStudioVersion = 10.0.40219.1
Project("{FAE04EC0-301F-11D3-BF4B-00C04F79EFBC}") = "FaceDetectionApp", "FaceDetectionApp\FaceDetectionApp.csproj", "{D1700441-FA2A-44AA-B88E-2C4AFDBBFA6C}"
EndProject
Global
	GlobalSection(SolutionConfigurationPlatforms) = preSolution
		Debug|Any CPU = Debug|Any CPU
		Release|Any CPU = Release|Any CPU
	EndGlobalSection
	GlobalSection(ProjectConfigurationPlatforms) = postSolution
		{D1700441-FA2A-44AA-B88E-2C4AFDBBFA6C}.Debug|Any CPU.ActiveCfg = Debug|Any CPU
		{D1700441-FA2A-44AA-B88E-2C4AFDBBFA6C}.Debug|Any CPU.Build.0 = Debug|Any CPU
		{D1700441-FA2A-44AA-B88E-2C4AFDBBFA6C}.Release|Any CPU.ActiveCfg = Release|Any CPU
		{D1700441-FA2A-44AA-B88E-2C4AFDBBFA6C}.Release|Any CPU.Build.0 = Release|Any CPU
	EndGlobalSection
	GlobalSection(SolutionProperties) = preSolution
		HideSolutionNode = FALSE
	EndGlobalSection
	GlobalSection(ExtensibilityGlobals) = postSolution
		SolutionGuid = {52F60275-852E-4FFE-BA75-B88C72AFEC39}
	EndGlobalSection
EndGlobal
